{
  "version": "5",
  "specifiers": {
    "jsr:@collidor/command@^7.2.1": "7.3.4",
    "jsr:@collidor/command@^7.3.4": "7.3.4",
    "jsr:@collidor/event@^4.7.0": "4.7.2",
    "jsr:@collidor/event@^4.7.2": "4.7.2",
    "jsr:@collidor/injector@^2.4.20": "2.4.20",
    "jsr:@collidor/observable-command@^1.1.0": "1.1.0",
    "jsr:@collidor/observable-event@^1.1.0": "1.1.0",
    "jsr:@collidor/result@^1.0.5": "1.0.5",
    "jsr:@collidor/schema-command@^1.1.2": "1.1.2",
    "jsr:@collidor/struct@0.1": "0.1.0",
    "jsr:@std/assert@*": "1.0.12",
    "jsr:@std/assert@^1.0.10": "1.0.11",
    "jsr:@std/assert@^1.0.11": "1.0.19",
    "jsr:@std/assert@^1.0.12": "1.0.19",
    "jsr:@std/async@^1.0.12": "1.0.12",
    "jsr:@std/async@^1.0.9": "1.0.10",
    "jsr:@std/data-structures@^1.0.6": "1.0.6",
    "jsr:@std/fs@^1.0.15": "1.0.15",
    "jsr:@std/fs@^1.0.9": "1.0.11",
    "jsr:@std/internal@^1.0.12": "1.0.14",
    "jsr:@std/internal@^1.0.5": "1.0.5",
    "jsr:@std/internal@^1.0.6": "1.0.14",
    "jsr:@std/path@^1.0.8": "1.0.8",
    "jsr:@std/testing@^1.0.9": "1.0.10",
    "npm:@collidor/injector@^2.4.20": "2.4.20",
    "npm:@collidor/observable-command@^1.1.0": "1.1.0_@collidor+event@4.7.0_rxjs@7.8.2",
    "npm:@collidor/observable-event@^1.1.0": "1.1.0_rxjs@7.8.2",
    "npm:@collidor/result@^1.0.5": "1.0.5",
    "npm:rxjs@^7.8.2": "7.8.2",
    "npm:zod@4": "4.6.5",
    "npm:zod@^3.24.2": "3.25.76"
  },
  "jsr": {
    "@collidor/command@7.3.4": {
      "integrity": "f1658d6b4e93470ae0f460b42737a3da4679a354422bc2bccc5c0a0a2635944a",
      "dependencies": [
        "jsr:@collidor/event@^4.7.2"
      ]
    },
    "@collidor/event@4.7.2": {
      "integrity": "4b8c4c70abbb2931baf6ab0734683edc196a6f30d58195fbea49338cd5f043c9"
    },
    "@collidor/injector@2.4.20": {
      "integrity": "67ed8461d22d14a735ae5110f06f4c570900c9f8af7893615e832a766a843c72"
    },
    "@collidor/observable-command@1.1.0": {
      "integrity": "b99482d7d04a6fce1cf9876005f4e1e007fa06ae41062ef8bd5dc97dd9cd6de3",
      "dependencies": [
        "jsr:@collidor/command@^7.2.1",
        "jsr:@collidor/event@^4.7.0",
        "npm:rxjs"
      ]
    },
    "@collidor/observable-event@1.1.0": {
      "integrity": "bf566bc75f5fa93f2b0d74117c2e6ef54f6770229351f84e233c2a95c0348fc3",
      "dependencies": [
        "jsr:@collidor/event@^4.7.0",
        "npm:rxjs"
      ]
    },
    "@collidor/result@1.0.5": {
      "integrity": "efb50b415310ab5a0ea8d55cc74a5bbe109f6bc01c23ed20727a7f01746bd84f"
    },
    "@collidor/schema-command@1.1.2": {
      "integrity": "ff93e5e2fde77008f1fa5699da9feaa01b2838f49792b80ab5b79f48ede33a05",
      "dependencies": [
        "jsr:@collidor/command@^7.2.1",
        "npm:zod@4"
      ]
    },
    "@collidor/struct@0.1.0": {
      "integrity": "018add96ab929b3e991e09c31a00b770836f2960296b6c15fad3562ca1078055",
      "dependencies": [
        "npm:zod@^3.24.2"
      ]
    },
    "@std/assert@1.0.11": {
      "integrity": "2461ef3c368fe88bc60e186e7744a93112f16fd110022e113a0849e94d1c83c1",
      "dependencies": [
        "jsr:@std/internal@^1.0.5"
      ]
    },
    "@std/assert@1.0.12": {
      "integrity": "08009f0926dda9cbd8bef3a35d3b6a4b964b0ab5c3e140a4e0351fbf34af5b9a",
      "dependencies": [
        "jsr:@std/internal@^1.0.6"
      ]
    },
    "@std/assert@1.0.19": {
      "integrity": "eaada96ee120cb980bc47e040f82814d786fe8162ecc53c91d8df60b8755991e",
      "dependencies": [
        "jsr:@std/internal@^1.0.12"
      ]
    },
    "@std/async@1.0.10": {
      "integrity": "2ff1b1c7d33d1416159989b0f69e59ec7ee8cb58510df01e454def2108b3dbec"
    },
    "@std/async@1.0.12": {
      "integrity": "d1bfcec459e8012846fe4e38dfc4241ab23240ecda3d8d6dfcf6d81a632e803d"
    },
    "@std/data-structures@1.0.6": {
      "integrity": "76a7fd8080c66604c0496220a791860492ab21a04a63a969c0b9a0609bbbb760"
    },
    "@std/fs@1.0.11": {
      "integrity": "ba674672693340c5ebdd018b4fe1af46cb08741f42b4c538154e97d217b55bdd",
      "dependencies": [
        "jsr:@std/path"
      ]
    },
    "@std/fs@1.0.15": {
      "integrity": "c083fb479889d6440d768e498195c3fc499d426fbf9a6592f98f53884d1d3f41",
      "dependencies": [
        "jsr:@std/path"
      ]
    },
    "@std/internal@1.0.5": {
      "integrity": "54a546004f769c1ac9e025abd15a76b6671ddc9687e2313b67376125650dc7ba"
    },
    "@std/internal@1.0.6": {
      "integrity": "9533b128f230f73bd209408bb07a4b12f8d4255ab2a4d22a1fd6d87304aca9a4"
    },
    "@std/internal@1.0.14": {
      "integrity": "291516b3d4c35024d6ffbc0a9df5bf4c64116e05b50012cf846710152d2ffdf7"
    },
    "@std/path@1.0.8": {
      "integrity": "548fa456bb6a04d3c1a1e7477986b6cffbce95102d0bb447c67c4ee70e0364be"
    },
    "@std/testing@1.0.9": {
      "integrity": "9bdd4ac07cb13e7594ac30e90f6ceef7254ac83a9aeaa089be0008f33aab5cd4",
      "dependencies": [
        "jsr:@std/assert@^1.0.10",
        "jsr:@std/async@^1.0.9",
        "jsr:@std/data-structures",
        "jsr:@std/fs@^1.0.9",
        "jsr:@std/internal@^1.0.5",
        "jsr:@std/path"
      ]
    },
    "@std/testing@1.0.10": {
      "integrity": "8997bd0b0df020b81bf5eae103c66622918adeff7e45e96291c92a29dbf82cc1",
      "dependencies": [
        "jsr:@std/assert@^1.0.12",
        "jsr:@std/async@^1.0.12",
        "jsr:@std/data-structures",
        "jsr:@std/fs@^1.0.15",
        "jsr:@std/internal@^1.0.6",
        "jsr:@std/path"
      ]
    }
  },
  "npm": {
    "@collidor/command@7.3.0_@collidor+event@4.7.0": {
      "integrity": "sha512-Uk4LJijq/nA620bL+7F1Ak9ekhvDAZBi8yCm4YTVolIYEabHsMnXOjo++1zvHOGe61n5ERXysiG0sZ0++jw3Xg==",
      "dependencies": [
        "@collidor/event"
      ]
    },
    "@collidor/event@4.7.0": {
      "integrity": "sha512-6XjJM+6VAibZgiJldnzVhGPAS8PnZ80MPAQBkTAtkHe+0mbSrn8pUW21GvYxrafxEo6gHtupnggMKGBot6UF8w=="
    },
    "@collidor/injector@2.4.20": {
      "integrity": "sha512-EP3O+3CUolCMyCTqu95of04Rctm50zUJbslUJQ+3sMriZhUuIYJYgLpXMThzCDpq2gUQRCaDO9zvPZCjsSPsHg=="
    },
    "@collidor/observable-command@1.1.0_@collidor+event@4.7.0_rxjs@7.8.2": {
      "integrity": "sha512-mbNL4NzT1XvxRWGosRP8k5IF1iUg66NtkP/aa01+kkcits43uNQI8/LoXqumXYJ2+GIOPiWOcSxpRyBE21885w==",
      "dependencies": [
        "@collidor/command",
        "@collidor/event",
        "rxjs"
      ]
    },
    "@collidor/observable-event@1.1.0_rxjs@7.8.2": {
      "integrity": "sha512-zhOJ8tcil00Bpa/LsxnIyEBDcugKJWiNItx/5W6XH2/KdmaaZJhgBgsJS34pCF1JTMsBZYrfj3RYW0qdjMLQ5g==",
      "dependencies": [
        "@collidor/event",
        "rxjs"
      ]
    },
    "@collidor/result@1.0.5": {
      "integrity": "sha512-2E7QNoPAd4RSFckOW5Es5R1WrLMNgMYro/dmFiRK8rgX+ebvmVcq/T0Or4v5uUXN3ZDqfOllg2g1G9FKPeEqpQ=="
    },
    "rxjs@7.8.2": {
      "integrity": "sha512-dhKf903U/PQZY6boNNtAGdWbG85WAbjT/1xYoZIC7FAY0yWapOBQVsVrDl58W86//e1VpMNBtRV4MaXfdMySFA==",
      "dependencies": [
        "tslib"
      ]
    },
    "tslib@2.8.1": {
      "integrity": "sha512-oJFu94HQb+KVduSUQL7wnpmqnfmLsOA/nAh6b6EH0wCEoK0/mPeXU6c3wKDV83MkOuHPRHtSXKKU99IBazS/2w=="
    },
    "zod@3.25.76": {
      "integrity": "sha512-gzUt/qt81nXsFGKIFcC3YnfEAx5NkunCfnDlvuBSSFS02bcXu4Lmea0AFIUwbLWxWPx3d9p8S5QoaujKcNQxcQ=="
    },
    "zod@4.6.5": {
      "integrity": "sha512-v5l/aFXZQeai4awLbOpSoHecE9UiMrnfx75tEXLjNonXVARxQ5mOeipTjROUchszUNCqnE+hqAMujRsRHsut2Q=="
    }
  },
  "workspace": {
    "dependencies": [
      "jsr:@collidor/command@^7.3.4",
      "jsr:@collidor/event@^4.7.2",
      "jsr:@collidor/injector@^2.4.20",
      "jsr:@collidor/observable-command@^1.1.0",
      "jsr:@collidor/observable-event@^1.1.0",
      "jsr:@collidor/result@^1.0.5",
      "jsr:@collidor/schema-command@^1.1.2",
      "jsr:@collidor/struct@0.1",
      "jsr:@std/assert@^1.0.11",
      "jsr:@std/testing@^1.0.9"
    ],
    "packageJson": {
      "dependencies": [
        "npm:@collidor/command@^7.3.4",
        "npm:@collidor/event@^4.7.2",
        "npm:@collidor/injector@^2.4.20",
        "npm:@collidor/observable-command@^1.1.0",
        "npm:@collidor/observable-event@^1.1.0",
        "npm:@collidor/result@^1.0.5",
        "npm:@collidor/schema-command@^1.1.2",
        "npm:@collidor/struct@^1.0.1",
        "npm:@semantic-release/changelog@^6.0.3",
        "npm:@semantic-release/exec@^6.0.3",
        "npm:@semantic-release/git@^10.0.1",
        "npm:@swc/core@^1.13.5",
        "npm:oxlint@^1.78.0",
        "npm:semantic-release@^24.2.3",
        "npm:tsup@8.5.0",
        "npm:typescript@5.9.2"
      ]
    }
  }
}
